<?xml version="1.0" encoding="utf-8"?>
<Project ToolsVersion="4.0" xmlns="http://schemas.microsoft.com/developer/msbuild/2003">
  <ItemGroup>
    <Filter Include="Source Files">
      <UniqueIdentifier>{4FC737F1-C7A5-4376-A066-2A32D752A2FF}</UniqueIdentifier>
      <Extensions>cpp;c;cc;cxx;def;odl;idl;hpj;bat;asm;asmx</Extensions>
    </Filter>
    <Filter Include="Source Files\View">
      <UniqueIdentifier>{c3407ba0-0afe-444f-9edd-46f6db1f64f4}</UniqueIdentifier>
    </Filter>
    <Filter Include="Source Files\Model">
      <UniqueIdentifier>{d63c4abd-44c5-406e-acce-12010679813f}</UniqueIdentifier>
    </Filter>
    <Filter Include="Source Files\Controller">
      <UniqueIdentifier>{bec1f796-07f1-4f7f-ae96-7e8a0e9f1e3b}</UniqueIdentifier>
    </Filter>
    <Filter Include="Source Files\Util">
      <UniqueIdentifier>{a147459b-b392-48e9-a03a-067b63a2c296}</UniqueIdentifier>
    </Filter>
    <Filter Include="Header Files">
      <UniqueIdentifier>{93995380-89BD-4b04-88EB-625FBE52EBFB}</UniqueIdentifier>
      <Extensions>h;hpp;hxx;hm;inl;inc;xsd</Extensions>
    </Filter>
    <Filter Include="Header Files\View">
      <UniqueIdentifier>{8ecee8f0-9995-40bc-b0d3-39eb141d481b}</UniqueIdentifier>
    </Filter>
    <Filter Include="Header Files\Model">
      <UniqueIdentifier>{f70d9b1c-c67f-44fa-99fc-15b347ff72a9}</UniqueIdentifier>
    </Filter>
    <Filter Include="Header Files\Controller">
      <UniqueIdentifier>{604ce6a3-dc17-4081-abca-6cb24c4ba9bf}</UniqueIdentifier>
    </Filter>
    <Filter Include="Header Files\Util">
      <UniqueIdentifier>{7bf86dc9-55e2-4505-b892-ae506c993194}</UniqueIdentifier>
    </Filter>
    <Filter Include="Resource Files">
      <UniqueIdentifier>{67DA6AB6-F800-4c08-8B7A-83BB121AAD01}</UniqueIdentifier>
      <Extensions>rc;ico;cur;bmp;dlg;rc2;rct;bin;rgs;gif;jpg;jpeg;jpe;resx;tiff;tif;png;wav</Extensions>
    </Filter>
  </ItemGroup>
  <ItemGroup>
    <ClCompile Include="PesXp.cpp">
      <Filter>Source Files</Filter>
    </ClCompile>
    <ClCompile Include="stdafx.cpp">
      <Filter>Source Files</Filter>
    </ClCompile>
    <ClCompile Include="View\LoginDlg.cpp">
      <Filter>Source Files\View</Filter>
    </ClCompile>
    <ClCompile Include="SubmitScoreDlg.cpp">
      <Filter>Source Files\View</Filter>
    </ClCompile>
    <ClCompile Include="View\UserCenterDlg.cpp">
      <Filter>Source Files\View</Filter>
    </ClCompile>
    <ClCompile Include="Model\UserItem.cpp">
      <Filter>Source Files\Model</Filter>
    </ClCompile>
    <ClCompile Include="Controller\LoginHandler.cpp">
      <Filter>Source Files\Controller</Filter>
    </ClCompile>
    <ClCompile Include="Util\UtilHandler.cpp">
      <Filter>Source Files\Util</Filter>
    </ClCompile>
    <ClCompile Include="AgreeScoreDlg.cpp">
      <Filter>Source Files\View</Filter>
    </ClCompile>
  </ItemGroup>
  <ItemGroup>
    <ClInclude Include="PesXp.h">
      <Filter>Header Files</Filter>
    </ClInclude>
    <ClInclude Include="Resource.h">
      <Filter>Header Files</Filter>
    </ClInclude>
    <ClInclude Include="stdafx.h">
      <Filter>Header Files</Filter>
    </ClInclude>
    <ClInclude Include="targetver.h">
      <Filter>Header Files</Filter>
    </ClInclude>
    <ClInclude Include="View\LoginDlg.h">
      <Filter>Header Files\View</Filter>
    </ClInclude>
    <ClInclude Include="SubmitScoreDlg.h">
      <Filter>Header Files\View</Filter>
    </ClInclude>
    <ClInclude Include="View\UserCenterDlg.h">
      <Filter>Header Files\View</Filter>
    </ClInclude>
    <ClInclude Include="Model\UserItem.h">
      <Filter>Header Files\Model</Filter>
    </ClInclude>
    <ClInclude Include="Controller\LoginHandler.h">
      <Filter>Header Files\Controller</Filter>
    </ClInclude>
    <ClInclude Include="Util\const.h">
      <Filter>Header Files\Util</Filter>
    </ClInclude>
    <ClInclude Include="Util\UtilHandler.h">
      <Filter>Header Files\Util</Filter>
    </ClInclude>
    <ClInclude Include="AgreeScoreDlg.h">
      <Filter>Header Files\View</Filter>
    </ClInclude>
  </ItemGroup>
  <ItemGroup>
    <None Include="res\PesXp.ico">
      <Filter>Resource Files</Filter>
    </None>
    <None Include="res\PesXp.rc2">
      <Filter>Resource Files</Filter>
    </None>
    <None Include="ReadMe.txt" />
  </ItemGroup>
  <ItemGroup>
    <ResourceCompile Include="PesXp.rc">
      <Filter>Resource Files</Filter>
    </ResourceCompile>
  </ItemGroup>
</Project>